
Microsoft Visual Studio Solution File, Format Version 12.00
# Visual Studio 15
VisualStudioVersion = 15.0.28307.1401
MinimumVisualStudioVersion = 10.0.40219.1
Project("{FAE04EC0-301F-11D3-BF4B-00C04F79EFBC}") = "TestConsole", "TestConsole\TestConsole.csproj", "{883513C1-1949-469F-9660-72EAD9600521}"
EndProject
Global
	GlobalSection(SolutionConfigurationPlatforms) = preSolution
		Debug|Any CPU = Debug|Any CPU
		Release|Any CPU = Release|Any CPU
	EndGlobalSection
	GlobalSection(ProjectConfigurationPlatforms) = postSolution
		{883513C1-1949-469F-9660-72EAD9600521}.Debug|Any CPU.ActiveCfg = Debug|Any CPU
		{883513C1-1949-469F-9660-72EAD9600521}.Debug|Any CPU.Build.0 = Debug|Any CPU
		{883513C1-1949-469F-9660-72EAD9600521}.Release|Any CPU.ActiveCfg = Release|Any CPU
		{883513C1-1949-469F-9660-72EAD9600521}.Release|Any CPU.Build.0 = Release|Any CPU
	EndGlobalSection
	GlobalSection(SolutionProperties) = preSolution
		HideSolutionNode = FALSE
	EndGlobalSection
	GlobalSection(ExtensibilityGlobals) = postSolution
		SolutionGuid = {0BC74DD3-56F3-4394-BB9B-803D5473B396}
	EndGlobalSection
EndGlobal
